
Microsoft Visual Studio Solution File, Format Version 12.00
# Visual Studio Version 16
VisualStudioVersion = 16.0.30204.135
MinimumVisualStudioVersion = 10.0.40219.1
Project("{FAE04EC0-301F-11D3-BF4B-00C04F79EFBC}") = "QuintaApp", "QuintaApp.csproj", "{C192265A-FC8D-4325-88A2-8EBBA91971DE}"
EndProject
Global
	GlobalSection(SolutionConfigurationPlatforms) = preSolution
		Debug|Any CPU = Debug|Any CPU
		Release|Any CPU = Release|Any CPU
	EndGlobalSection
	GlobalSection(ProjectConfigurationPlatforms) = postSolution
		{C192265A-FC8D-4325-88A2-8EBBA91971DE}.Debug|Any CPU.ActiveCfg = Debug|Any CPU
		{C192265A-FC8D-4325-88A2-8EBBA91971DE}.Debug|Any CPU.Build.0 = Debug|Any CPU
		{C192265A-FC8D-4325-88A2-8EBBA91971DE}.Release|Any CPU.ActiveCfg = Release|Any CPU
		{C192265A-FC8D-4325-88A2-8EBBA91971DE}.Release|Any CPU.Build.0 = Release|Any CPU
	EndGlobalSection
	GlobalSection(SolutionProperties) = preSolution
		HideSolutionNode = FALSE
	EndGlobalSection
	GlobalSection(ExtensibilityGlobals) = postSolution
		SolutionGuid = {31A7F233-2C63-4F86-A5FC-2A4D5BAD484C}
	EndGlobalSection
EndGlobal
